{
  "name": "testreact",
  "version": "1.0.0",
  "lockfileVersion": 3,
  "requires": true,

  "scripts": {
    "predeploy": "npm run build",
    "deploy": "gh-pages -d build",
    "start": "react-scripts start",
    "build": "react-scripts build"},
  "packages": {
    "": {
      "name": "testreact",
      "version": "1.0.0",
      "license": "ISC"
    }
  }
}
